
Microsoft Visual Studio Solution File, Format Version 12.00
# Visual Studio Version 17
VisualStudioVersion = 17.9.34728.123
MinimumVisualStudioVersion = 10.0.40219.1
Project("{888888A0-9F3D-457C-B088-3A5042F75D52}") = "Resistor_Project", "Resistor_Project\Resistor_Project.pyproj", "{7F9160C9-CF99-49FC-A1C5-CD75EAEE685F}"
EndProject
Global
	GlobalSection(SolutionConfigurationPlatforms) = preSolution
		Debug|Any CPU = Debug|Any CPU
		Release|Any CPU = Release|Any CPU
	EndGlobalSection
	GlobalSection(ProjectConfigurationPlatforms) = postSolution
		{7F9160C9-CF99-49FC-A1C5-CD75EAEE685F}.Debug|Any CPU.ActiveCfg = Debug|Any CPU
		{7F9160C9-CF99-49FC-A1C5-CD75EAEE685F}.Release|Any CPU.ActiveCfg = Release|Any CPU
	EndGlobalSection
	GlobalSection(SolutionProperties) = preSolution
		HideSolutionNode = FALSE
	EndGlobalSection
	GlobalSection(ExtensibilityGlobals) = postSolution
		SolutionGuid = {097AE65E-4220-43B6-BDC6-9FC582D0E80F}
	EndGlobalSection
EndGlobal
